
Microsoft Visual Studio Solution File, Format Version 12.00
# Visual Studio Version 17
VisualStudioVersion = 17.9.34728.123
MinimumVisualStudioVersion = 10.0.40219.1
Project("{FAE04EC0-301F-11D3-BF4B-00C04F79EFBC}") = "BelajarGUI", "BelajarGUI\BelajarGUI.csproj", "{40C8F9A8-800B-42DA-B8BE-2079F5488674}"
EndProject
Global
	GlobalSection(SolutionConfigurationPlatforms) = preSolution
		Debug|Any CPU = Debug|Any CPU
		Release|Any CPU = Release|Any CPU
	EndGlobalSection
	GlobalSection(ProjectConfigurationPlatforms) = postSolution
		{40C8F9A8-800B-42DA-B8BE-2079F5488674}.Debug|Any CPU.ActiveCfg = Debug|Any CPU
		{40C8F9A8-800B-42DA-B8BE-2079F5488674}.Debug|Any CPU.Build.0 = Debug|Any CPU
		{40C8F9A8-800B-42DA-B8BE-2079F5488674}.Release|Any CPU.ActiveCfg = Release|Any CPU
		{40C8F9A8-800B-42DA-B8BE-2079F5488674}.Release|Any CPU.Build.0 = Release|Any CPU
	EndGlobalSection
	GlobalSection(SolutionProperties) = preSolution
		HideSolutionNode = FALSE
	EndGlobalSection
	GlobalSection(ExtensibilityGlobals) = postSolution
		SolutionGuid = {8CB6DB5D-C162-46BA-A45E-BB8B19568A74}
	EndGlobalSection
EndGlobal
